
Microsoft Visual Studio Solution File, Format Version 12.00
# Visual Studio 15
VisualStudioVersion = 15.0.26730.16
MinimumVisualStudioVersion = 10.0.40219.1
Project("{FAE04EC0-301F-11D3-BF4B-00C04F79EFBC}") = "PlataformaCeiss", "PlataformaCeiss\PlataformaCeiss.csproj", "{3DAF129D-D80F-4E82-9EE3-40ED9983854E}"
EndProject
Project("{FAE04EC0-301F-11D3-BF4B-00C04F79EFBC}") = "Datamodel", "Datamodel\Datamodel.csproj", "{C48C23E0-99AB-4A69-8AD2-F862E8E02A8A}"
EndProject
Project("{FAE04EC0-301F-11D3-BF4B-00C04F79EFBC}") = "Classes", "Classes\Classes.csproj", "{EF566084-9D83-431F-933E-69B7E8747832}"
EndProject
Global
	GlobalSection(SolutionConfigurationPlatforms) = preSolution
		Debug|Any CPU = Debug|Any CPU
		Release|Any CPU = Release|Any CPU
	EndGlobalSection
	GlobalSection(ProjectConfigurationPlatforms) = postSolution
		{3DAF129D-D80F-4E82-9EE3-40ED9983854E}.Debug|Any CPU.ActiveCfg = Debug|Any CPU
		{3DAF129D-D80F-4E82-9EE3-40ED9983854E}.Debug|Any CPU.Build.0 = Debug|Any CPU
		{3DAF129D-D80F-4E82-9EE3-40ED9983854E}.Release|Any CPU.ActiveCfg = Release|Any CPU
		{3DAF129D-D80F-4E82-9EE3-40ED9983854E}.Release|Any CPU.Build.0 = Release|Any CPU
		{C48C23E0-99AB-4A69-8AD2-F862E8E02A8A}.Debug|Any CPU.ActiveCfg = Debug|Any CPU
		{C48C23E0-99AB-4A69-8AD2-F862E8E02A8A}.Debug|Any CPU.Build.0 = Debug|Any CPU
		{C48C23E0-99AB-4A69-8AD2-F862E8E02A8A}.Release|Any CPU.ActiveCfg = Release|Any CPU
		{C48C23E0-99AB-4A69-8AD2-F862E8E02A8A}.Release|Any CPU.Build.0 = Release|Any CPU
		{EF566084-9D83-431F-933E-69B7E8747832}.Debug|Any CPU.ActiveCfg = Debug|Any CPU
		{EF566084-9D83-431F-933E-69B7E8747832}.Debug|Any CPU.Build.0 = Debug|Any CPU
		{EF566084-9D83-431F-933E-69B7E8747832}.Release|Any CPU.ActiveCfg = Release|Any CPU
		{EF566084-9D83-431F-933E-69B7E8747832}.Release|Any CPU.Build.0 = Release|Any CPU
	EndGlobalSection
	GlobalSection(SolutionProperties) = preSolution
		HideSolutionNode = FALSE
	EndGlobalSection
	GlobalSection(ExtensibilityGlobals) = postSolution
		SolutionGuid = {6155F508-6DBA-4FCA-B944-2D4548905AE8}
	EndGlobalSection
EndGlobal
